// !$*UTF8*$!
{
	archiveVersion = 1;
	classes = {
	};
	objectVersion = 50;
	objects = {

/* Begin PBXBuildFile section */
		7BAA53E920884E9E005DDEC0 /* AppDelegate.swift in Sources */ = {isa = PBXBuildFile; fileRef = 7BAA53E820884E9E005DDEC0 /* AppDelegate.swift */; };
		7BAA53EB20884E9E005DDEC0 /* ViewController.swift in Sources */ = {isa = PBXBuildFile; fileRef = 7BAA53EA20884E9E005DDEC0 /* ViewController.swift */; };
		7BAA53EE20884E9E005DDEC0 /* Main.storyboard in Resources */ = {isa = PBXBuildFile; fileRef = 7BAA53EC20884E9E005DDEC0 /* Main.storyboard */; };
		7BAA53F020884E9E005DDEC0 /* Assets.xcassets in Resources */ = {isa = PBXBuildFile; fileRef = 7BAA53EF20884E9E005DDEC0 /* Assets.xcassets */; };
		7BAA53F320884E9E005DDEC0 /* LaunchScreen.storyboard in Resources */ = {isa = PBXBuildFile; fileRef = 7BAA53F120884E9E005DDEC0 /* LaunchScreen.storyboard */; };
		7BAA53FE20884E9E005DDEC0 /* TripPlannerTests.swift in Sources */ = {isa = PBXBuildFile; fileRef = 7BAA53FD20884E9E005DDEC0 /* TripPlannerTests.swift */; };
		7BAA540920884E9E005DDEC0 /* TripPlannerUITests.swift in Sources */ = {isa = PBXBuildFile; fileRef = 7BAA540820884E9E005DDEC0 /* TripPlannerUITests.swift */; };
/* End PBXBuildFile section */

/* Begin PBXContainerItemProxy section */
		7BAA53FA20884E9E005DDEC0 /* PBXContainerItemProxy */ = {
			isa = PBXContainerItemProxy;
			containerPortal = 7BAA53DD20884E9E005DDEC0 /* Project object */;
			proxyType = 1;
			remoteGlobalIDString = 7BAA53E420884E9E005DDEC0;
			remoteInfo = TripPlanner;
		};
		7BAA540520884E9E005DDEC0 /* PBXContainerItemProxy */ = {
			isa = PBXContainerItemProxy;
			containerPortal = 7BAA53DD20884E9E005DDEC0 /* Project object */;
			proxyType = 1;
			remoteGlobalIDString = 7BAA53E420884E9E005DDEC0;
			remoteInfo = TripPlanner;
		};
/* End PBXContainerItemProxy section */

/* Begin PBXFileReference section */
		7BAA53E520884E9E005DDEC0 /* TripPlanner.app */ = {isa = PBXFileReference; explicitFileType = wrapper.application; includeInIndex = 0; path = TripPlanner.app; sourceTree = BUILT_PRODUCTS_DIR; };
		7BAA53E820884E9E005DDEC0 /* AppDelegate.swift */ = {isa = PBXFileReference; lastKnownFileType = sourcecode.swift; path = AppDelegate.swift; sourceTree = "<group>"; };
		7BAA53EA20884E9E005DDEC0 /* ViewController.swift */ = {isa = PBXFileReference; lastKnownFileType = sourcecode.swift; path = ViewController.swift; sourceTree = "<group>"; };
		7BAA53ED20884E9E005DDEC0 /* Base */ = {isa = PBXFileReference; lastKnownFileType = file.storyboard; name = Base; path = Base.lproj/Main.storyboard; sourceTree = "<group>"; };
		7BAA53EF20884E9E005DDEC0 /* Assets.xcassets */ = {isa = PBXFileReference; lastKnownFileType = folder.assetcatalog; path = Assets.xcassets; sourceTree = "<group>"; };
		7BAA53F220884E9E005DDEC0 /* Base */ = {isa = PBXFileReference; lastKnownFileType = file.storyboard; name = Base; path = Base.lproj/LaunchScreen.storyboard; sourceTree = "<group>"; };
		7BAA53F420884E9E005DDEC0 /* Info.plist */ = {isa = PBXFileReference; lastKnownFileType = text.plist.xml; path = Info.plist; sourceTree = "<group>"; };
		7BAA53F920884E9E005DDEC0 /* TripPlannerTests.xctest */ = {isa = PBXFileReference; explicitFileType = wrapper.cfbundle; includeInIndex = 0; path = TripPlannerTests.xctest; sourceTree = BUILT_PRODUCTS_DIR; };
		7BAA53FD20884E9E005DDEC0 /* TripPlannerTests.swift */ = {isa = PBXFileReference; lastKnownFileType = sourcecode.swift; path = TripPlannerTests.swift; sourceTree = "<group>"; };
		7BAA53FF20884E9E005DDEC0 /* Info.plist */ = {isa = PBXFileReference; lastKnownFileType = text.plist.xml; path = Info.plist; sourceTree = "<group>"; };
		7BAA540420884E9E005DDEC0 /* TripPlannerUITests.xctest */ = {isa = PBXFileReference; explicitFileType = wrapper.cfbundle; includeInIndex = 0; path = TripPlannerUITests.xctest; sourceTree = BUILT_PRODUCTS_DIR; };
		7BAA540820884E9E005DDEC0 /* TripPlannerUITests.swift */ = {isa = PBXFileReference; lastKnownFileType = sourcecode.swift; path = TripPlannerUITests.swift; sourceTree = "<group>"; };
		7BAA540A20884E9E005DDEC0 /* Info.plist */ = {isa = PBXFileReference; lastKnownFileType = text.plist.xml; path = Info.plist; sourceTree = "<group>"; };
/* End PBXFileReference section */

/* Begin PBXFrameworksBuildPhase section */
		7BAA53E220884E9E005DDEC0 /* Frameworks */ = {
			isa = PBXFrameworksBuildPhase;
			buildActionMask = 2147483647;
			files = (
			);
			runOnlyForDeploymentPostprocessing = 0;
		};
		7BAA53F620884E9E005DDEC0 /* Frameworks */ = {
			isa = PBXFrameworksBuildPhase;
			buildActionMask = 2147483647;
			files = (
			);
			runOnlyForDeploymentPostprocessing = 0;
		};
		7BAA540120884E9E005DDEC0 /* Frameworks */ = {
			isa = PBXFrameworksBuildPhase;
			buildActionMask = 2147483647;
			files = (
			);
			runOnlyForDeploymentPostprocessing = 0;
		};
/* End PBXFrameworksBuildPhase section */

/* Begin PBXGroup section */
		7BAA53DC20884E9E005DDEC0 = {
			isa = PBXGroup;
			children = (
				7BAA53E720884E9E005DDEC0 /* TripPlanner */,
				7BAA53FC20884E9E005DDEC0 /* TripPlannerTests */,
				7BAA540720884E9E005DDEC0 /* TripPlannerUITests */,
				7BAA53E620884E9E005DDEC0 /* Products */,
			);
			sourceTree = "<group>";
		};
		7BAA53E620884E9E005DDEC0 /* Products */ = {
			isa = PBXGroup;
			children = (
				7BAA53E520884E9E005DDEC0 /* TripPlanner.app */,
				7BAA53F920884E9E005DDEC0 /* TripPlannerTests.xctest */,
				7BAA540420884E9E005DDEC0 /* TripPlannerUITests.xctest */,
			);
			name = Products;
			sourceTree = "<group>";
		};
		7BAA53E720884E9E005DDEC0 /* TripPlanner */ = {
			isa = PBXGroup;
			children = (
				7BAA53E820884E9E005DDEC0 /* AppDelegate.swift */,
				7BAA53EA20884E9E005DDEC0 /* ViewController.swift */,
				7BAA53EC20884E9E005DDEC0 /* Main.storyboard */,
				7BAA53EF20884E9E005DDEC0 /* Assets.xcassets */,
				7BAA53F120884E9E005DDEC0 /* LaunchScreen.storyboard */,
				7BAA53F420884E9E005DDEC0 /* Info.plist */,
			);
			path = TripPlanner;
			sourceTree = "<group>";
		};
		7BAA53FC20884E9E005DDEC0 /* TripPlannerTests */ = {
			isa = PBXGroup;
			children = (
				7BAA53FD20884E9E005DDEC0 /* TripPlannerTests.swift */,
				7BAA53FF20884E9E005DDEC0 /* Info.plist */,
			);
			path = TripPlannerTests;
			sourceTree = "<group>";
		};
		7BAA540720884E9E005DDEC0 /* TripPlannerUITests */ = {
			isa = PBXGroup;
			children = (
				7BAA540820884E9E005DDEC0 /* TripPlannerUITests.swift */,
				7BAA540A20884E9E005DDEC0 /* Info.plist */,
			);
			path = TripPlannerUITests;
			sourceTree = "<group>";
		};
/* End PBXGroup section */

/* Begin PBXNativeTarget section */
		7BAA53E420884E9E005DDEC0 /* TripPlanner */ = {
			isa = PBXNativeTarget;
			buildConfigurationList = 7BAA540D20884E9E005DDEC0 /* Build configuration list for PBXNativeTarget "TripPlanner" */;
			buildPhases = (
				7BAA53E120884E9E005DDEC0 /* Sources */,
				7BAA53E220884E9E005DDEC0 /* Frameworks */,
				7BAA53E320884E9E005DDEC0 /* Resources */,
			);
			buildRules = (
			);
			dependencies = (
			);
			name = TripPlanner;
			productName = TripPlanner;
			productReference = 7BAA53E520884E9E005DDEC0 /* TripPlanner.app */;
			productType = "com.apple.product-type.application";
		};
		7BAA53F820884E9E005DDEC0 /* TripPlannerTests */ = {
			isa = PBXNativeTarget;
			buildConfigurationList = 7BAA541020884E9E005DDEC0 /* Build configuration list for PBXNativeTarget "TripPlannerTests" */;
			buildPhases = (
				7BAA53F520884E9E005DDEC0 /* Sources */,
				7BAA53F620884E9E005DDEC0 /* Frameworks */,
				7BAA53F720884E9E005DDEC0 /* Resources */,
			);
			buildRules = (
			);
			dependencies = (
				7BAA53FB20884E9E005DDEC0 /* PBXTargetDependency */,
			);
			name = TripPlannerTests;
			productName = TripPlannerTests;
			productReference = 7BAA53F920884E9E005DDEC0 /* TripPlannerTests.xctest */;
			productType = "com.apple.product-type.bundle.unit-test";
		};
		7BAA540320884E9E005DDEC0 /* TripPlannerUITests */ = {
			isa = PBXNativeTarget;
			buildConfigurationList = 7BAA541320884E9E005DDEC0 /* Build configuration list for PBXNativeTarget "TripPlannerUITests" */;
			buildPhases = (
				7BAA540020884E9E005DDEC0 /* Sources */,
				7BAA540120884E9E005DDEC0 /* Frameworks */,
				7BAA540220884E9E005DDEC0 /* Resources */,
			);
			buildRules = (
			);
			dependencies = (
				7BAA540620884E9E005DDEC0 /* PBXTargetDependency */,
			);
			name = TripPlannerUITests;
			productName = TripPlannerUITests;
			productReference = 7BAA540420884E9E005DDEC0 /* TripPlannerUITests.xctest */;
			productType = "com.apple.product-type.bundle.ui-testing";
		};
/* End PBXNativeTarget section */

/* Begin PBXProject section */
		7BAA53DD20884E9E005DDEC0 /* Project object */ = {
			isa = PBXProject;
			attributes = {
				LastSwiftUpdateCheck = 0930;
				LastUpgradeCheck = 0930;
				ORGANIZATIONNAME = user137759;
				TargetAttributes = {
					7BAA53E420884E9E005DDEC0 = {
						CreatedOnToolsVersion = 9.3;
					};
					7BAA53F820884E9E005DDEC0 = {
						CreatedOnToolsVersion = 9.3;
						TestTargetID = 7BAA53E420884E9E005DDEC0;
					};
					7BAA540320884E9E005DDEC0 = {
						CreatedOnToolsVersion = 9.3;
						TestTargetID = 7BAA53E420884E9E005DDEC0;
					};
				};
			};
			buildConfigurationList = 7BAA53E020884E9E005DDEC0 /* Build configuration list for PBXProject "TripPlanner" */;
			compatibilityVersion = "Xcode 9.3";
			developmentRegion = en;
			hasScannedForEncodings = 0;
			knownRegions = (
				en,
				Base,
			);
			mainGroup = 7BAA53DC20884E9E005DDEC0;
			productRefGroup = 7BAA53E620884E9E005DDEC0 /* Products */;
			projectDirPath = "";
			projectRoot = "";
			targets = (
				7BAA53E420884E9E005DDEC0 /* TripPlanner */,
				7BAA53F820884E9E005DDEC0 /* TripPlannerTests */,
				7BAA540320884E9E005DDEC0 /* TripPlannerUITests */,
			);
		};
/* End PBXProject section */

/* Begin PBXResourcesBuildPhase section */
		7BAA53E320884E9E005DDEC0 /* Resources */ = {
			isa = PBXResourcesBuildPhase;
			buildActionMask = 2147483647;
			files = (
				7BAA53F320884E9E005DDEC0 /* LaunchScreen.storyboard in Resources */,
				7BAA53F020884E9E005DDEC0 /* Assets.xcassets in Resources */,
				7BAA53EE20884E9E005DDEC0 /* Main.storyboard in Resources */,
			);
			runOnlyForDeploymentPostprocessing = 0;
		};
		7BAA53F720884E9E005DDEC0 /* Resources */ = {
			isa = PBXResourcesBuildPhase;
			buildActionMask = 2147483647;
			files = (
			);
			runOnlyForDeploymentPostprocessing = 0;
		};
		7BAA540220884E9E005DDEC0 /* Resources */ = {
			isa = PBXResourcesBuildPhase;
			buildActionMask = 2147483647;
			files = (
			);
			runOnlyForDeploymentPostprocessing = 0;
		};
/* End PBXResourcesBuildPhase section */

/* Begin PBXSourcesBuildPhase section */
		7BAA53E120884E9E005DDEC0 /* Sources */ = {
			isa = PBXSourcesBuildPhase;
			buildActionMask = 2147483647;
			files = (
				7BAA53EB20884E9E005DDEC0 /* ViewController.swift in Sources */,
				7BAA53E920884E9E005DDEC0 /* AppDelegate.swift in Sources */,
			);
			runOnlyForDeploymentPostprocessing = 0;
		};
		7BAA53F520884E9E005DDEC0 /* Sources */ = {
			isa = PBXSourcesBuildPhase;
			buildActionMask = 2147483647;
			files = (
				7BAA53FE20884E9E005DDEC0 /* TripPlannerTests.swift in Sources */,
			);
			runOnlyForDeploymentPostprocessing = 0;
		};
		7BAA540020884E9E005DDEC0 /* Sources */ = {
			isa = PBXSourcesBuildPhase;
			buildActionMask = 2147483647;
			files = (
				7BAA540920884E9E005DDEC0 /* TripPlannerUITests.swift in Sources */,
			);
			runOnlyForDeploymentPostprocessing = 0;
		};
/* End PBXSourcesBuildPhase section */

/* Begin PBXTargetDependency section */
		7BAA53FB20884E9E005DDEC0 /* PBXTargetDependency */ = {
			isa = PBXTargetDependency;
			target = 7BAA53E420884E9E005DDEC0 /* TripPlanner */;
			targetProxy = 7BAA53FA20884E9E005DDEC0 /* PBXContainerItemProxy */;
		};
		7BAA540620884E9E005DDEC0 /* PBXTargetDependency */ = {
			isa = PBXTargetDependency;
			target = 7BAA53E420884E9E005DDEC0 /* TripPlanner */;
			targetProxy = 7BAA540520884E9E005DDEC0 /* PBXContainerItemProxy */;
		};
/* End PBXTargetDependency section */

/* Begin PBXVariantGroup section */
		7BAA53EC20884E9E005DDEC0 /* Main.storyboard */ = {
			isa = PBXVariantGroup;
			children = (
				7BAA53ED20884E9E005DDEC0 /* Base */,
			);
			name = Main.storyboard;
			sourceTree = "<group>";
		};
		7BAA53F120884E9E005DDEC0 /* LaunchScreen.storyboard */ = {
			isa = PBXVariantGroup;
			children = (
				7BAA53F220884E9E005DDEC0 /* Base */,
			);
			name = LaunchScreen.storyboard;
			sourceTree = "<group>";
		};
/* End PBXVariantGroup section */

/* Begin XCBuildConfiguration section */
		7BAA540B20884E9E005DDEC0 /* Debug */ = {
			isa = XCBuildConfiguration;
			buildSettings = {
				ALWAYS_SEARCH_USER_PATHS = NO;
				CLANG_ANALYZER_NONNULL = YES;
				CLANG_ANALYZER_NUMBER_OBJECT_CONVERSION = YES_AGGRESSIVE;
				CLANG_CXX_LANGUAGE_STANDARD = "gnu++14";
				CLANG_CXX_LIBRARY = "libc++";
				CLANG_ENABLE_MODULES = YES;
				CLANG_ENABLE_OBJC_ARC = YES;
				CLANG_ENABLE_OBJC_WEAK = YES;
				CLANG_WARN_BLOCK_CAPTURE_AUTORELEASING = YES;
				CLANG_WARN_BOOL_CONVERSION = YES;
				CLANG_WARN_COMMA = YES;
				CLANG_WARN_CONSTANT_CONVERSION = YES;
				CLANG_WARN_DEPRECATED_OBJC_IMPLEMENTATIONS = YES;
				CLANG_WARN_DIRECT_OBJC_ISA_USAGE = YES_ERROR;
				CLANG_WARN_DOCUMENTATION_COMMENTS = YES;
				CLANG_WARN_EMPTY_BODY = YES;
				CLANG_WARN_ENUM_CONVERSION = YES;
				CLANG_WARN_INFINITE_RECURSION = YES;
				CLANG_WARN_INT_CONVERSION = YES;
				CLANG_WARN_NON_LITERAL_NULL_CONVERSION = YES;
				CLANG_WARN_OBJC_IMPLICIT_RETAIN_SELF = YES;
				CLANG_WARN_OBJC_LITERAL_CONVERSION = YES;
				CLANG_WARN_OBJC_ROOT_CLASS = YES_ERROR;
				CLANG_WARN_RANGE_LOOP_ANALYSIS = YES;
				CLANG_WARN_STRICT_PROTOTYPES = YES;
				CLANG_WARN_SUSPICIOUS_MOVE = YES;
				CLANG_WARN_UNGUARDED_AVAILABILITY = YES_AGGRESSIVE;
				CLANG_WARN_UNREACHABLE_CODE = YES;
				CLANG_WARN__DUPLICATE_METHOD_MATCH = YES;
				CODE_SIGN_IDENTITY = "iPhone Developer";
				COPY_PHASE_STRIP = NO;
				DEBUG_INFORMATION_FORMAT = dwarf;
				ENABLE_STRICT_OBJC_MSGSEND = YES;
				ENABLE_TESTABILITY = YES;
				GCC_C_LANGUAGE_STANDARD = gnu11;
				GCC_DYNAMIC_NO_PIC = NO;
				GCC_NO_COMMON_BLOCKS = YES;
				GCC_OPTIMIZATION_LEVEL = 0;
				GCC_PREPROCESSOR_DEFINITIONS = (
					"DEBUG=1",
					"$(inherited)",
				);
				GCC_WARN_64_TO_32_BIT_CONVERSION = YES;
				GCC_WARN_ABOUT_RETURN_TYPE = YES_ERROR;
				GCC_WARN_UNDECLARED_SELECTOR = YES;
				GCC_WARN_UNINITIALIZED_AUTOS = YES_AGGRESSIVE;
				GCC_WARN_UNUSED_FUNCTION = YES;
				GCC_WARN_UNUSED_VARIABLE = YES;
				IPHONEOS_DEPLOYMENT_TARGET = 11.3;
				MTL_ENABLE_DEBUG_INFO = YES;
				ONLY_ACTIVE_ARCH = YES;
				SDKROOT = iphoneos;
				SWIFT_ACTIVE_COMPILATION_CONDITIONS = DEBUG;
				SWIFT_OPTIMIZATION_LEVEL = "-Onone";
			};
			name = Debug;
		};
		7BAA540C20884E9E005DDEC0 /* Release */ = {
			isa = XCBuildConfiguration;
			buildSettings = {
				ALWAYS_SEARCH_USER_PATHS = NO;
				CLANG_ANALYZER_NONNULL = YES;
				CLANG_ANALYZER_NUMBER_OBJECT_CONVERSION = YES_AGGRESSIVE;
				CLANG_CXX_LANGUAGE_STANDARD = "gnu++14";
				CLANG_CXX_LIBRARY = "libc++";
				CLANG_ENABLE_MODULES = YES;
				CLANG_ENABLE_OBJC_ARC = YES;
				CLANG_ENABLE_OBJC_WEAK = YES;
				CLANG_WARN_BLOCK_CAPTURE_AUTORELEASING = YES;
				CLANG_WARN_BOOL_CONVERSION = YES;
				CLANG_WARN_COMMA = YES;
				CLANG_WARN_CONSTANT_CONVERSION = YES;
				CLANG_WARN_DEPRECATED_OBJC_IMPLEMENTATIONS = YES;
				CLANG_WARN_DIRECT_OBJC_ISA_USAGE = YES_ERROR;
				CLANG_WARN_DOCUMENTATION_COMMENTS = YES;
				CLANG_WARN_EMPTY_BODY = YES;
				CLANG_WARN_ENUM_CONVERSION = YES;
				CLANG_WARN_INFINITE_RECURSION = YES;
				CLANG_WARN_INT_CONVERSION = YES;
				CLANG_WARN_NON_LITERAL_NULL_CONVERSION = YES;
				CLANG_WARN_OBJC_IMPLICIT_RETAIN_SELF = YES;
				CLANG_WARN_OBJC_LITERAL_CONVERSION = YES;
				CLANG_WARN_OBJC_ROOT_CLASS = YES_ERROR;
				CLANG_WARN_RANGE_LOOP_ANALYSIS = YES;
				CLANG_WARN_STRICT_PROTOTYPES = YES;
				CLANG_WARN_SUSPICIOUS_MOVE = YES;
				CLANG_WARN_UNGUARDED_AVAILABILITY = YES_AGGRESSIVE;
				CLANG_WARN_UNREACHABLE_CODE = YES;
				CLANG_WARN__DUPLICATE_METHOD_MATCH = YES;
				CODE_SIGN_IDENTITY = "iPhone Developer";
				COPY_PHASE_STRIP = NO;
				DEBUG_INFORMATION_FORMAT = "dwarf-with-dsym";
				ENABLE_NS_ASSERTIONS = NO;
				ENABLE_STRICT_OBJC_MSGSEND = YES;
				GCC_C_LANGUAGE_STANDARD = gnu11;
				GCC_NO_COMMON_BLOCKS = YES;
				GCC_WARN_64_TO_32_BIT_CONVERSION = YES;
				GCC_WARN_ABOUT_RETURN_TYPE = YES_ERROR;
				GCC_WARN_UNDECLARED_SELECTOR = YES;
				GCC_WARN_UNINITIALIZED_AUTOS = YES_AGGRESSIVE;
				GCC_WARN_UNUSED_FUNCTION = YES;
				GCC_WARN_UNUSED_VARIABLE = YES;
				IPHONEOS_DEPLOYMENT_TARGET = 11.3;
				MTL_ENABLE_DEBUG_INFO = NO;
				SDKROOT = iphoneos;
				SWIFT_COMPILATION_MODE = wholemodule;
				SWIFT_OPTIMIZATION_LEVEL = "-O";
				VALIDATE_PRODUCT = YES;
			};
			name = Release;
		};
		7BAA540E20884E9E005DDEC0 /* Debug */ = {
			isa = XCBuildConfiguration;
			buildSettings = {
				ASSETCATALOG_COMPILER_APPICON_NAME = AppIcon;
				CODE_SIGN_STYLE = Automatic;
				DEVELOPMENT_TEAM = 24SM6522LU;
				INFOPLIST_FILE = TripPlanner/Info.plist;
				LD_RUNPATH_SEARCH_PATHS = (
					"$(inherited)",
					"@executable_path/Frameworks",
				);
				PRODUCT_BUNDLE_IDENTIFIER = Cameron.TripPlanner;
				PRODUCT_NAME = "$(TARGET_NAME)";
				SWIFT_VERSION = 4.0;
				TARGETED_DEVICE_FAMILY = "1,2";
			};
			name = Debug;
		};
		7BAA540F20884E9E005DDEC0 /* Release */ = {
			isa = XCBuildConfiguration;
			buildSettings = {
				ASSETCATALOG_COMPILER_APPICON_NAME = AppIcon;
				CODE_SIGN_STYLE = Automatic;
				DEVELOPMENT_TEAM = 24SM6522LU;
				INFOPLIST_FILE = TripPlanner/Info.plist;
				LD_RUNPATH_SEARCH_PATHS = (
					"$(inherited)",
					"@executable_path/Frameworks",
				);
				PRODUCT_BUNDLE_IDENTIFIER = Cameron.TripPlanner;
				PRODUCT_NAME = "$(TARGET_NAME)";
				SWIFT_VERSION = 4.0;
				TARGETED_DEVICE_FAMILY = "1,2";
			};
			name = Release;
		};
		7BAA541120884E9E005DDEC0 /* Debug */ = {
			isa = XCBuildConfiguration;
			buildSettings = {
				ALWAYS_EMBED_SWIFT_STANDARD_LIBRARIES = YES;
				BUNDLE_LOADER = "$(TEST_HOST)";
				CODE_SIGN_STYLE = Automatic;
				DEVELOPMENT_TEAM = 24SM6522LU;
				INFOPLIST_FILE = TripPlannerTests/Info.plist;
				LD_RUNPATH_SEARCH_PATHS = (
					"$(inherited)",
					"@executable_path/Frameworks",
					"@loader_path/Frameworks",
				);
				PRODUCT_BUNDLE_IDENTIFIER = Cameron.TripPlannerTests;
				PRODUCT_NAME = "$(TARGET_NAME)";
				SWIFT_VERSION = 4.0;
				TARGETED_DEVICE_FAMILY = "1,2";
				TEST_HOST = "$(BUILT_PRODUCTS_DIR)/TripPlanner.app/TripPlanner";
			};
			name = Debug;
		};
		7BAA541220884E9E005DDEC0 /* Release */ = {
			isa = XCBuildConfiguration;
			buildSettings = {
				ALWAYS_EMBED_SWIFT_STANDARD_LIBRARIES = YES;
				BUNDLE_LOADER = "$(TEST_HOST)";
				CODE_SIGN_STYLE = Automatic;
				DEVELOPMENT_TEAM = 24SM6522LU;
				INFOPLIST_FILE = TripPlannerTests/Info.plist;
				LD_RUNPATH_SEARCH_PATHS = (
					"$(inherited)",
					"@executable_path/Frameworks",
					"@loader_path/Frameworks",
				);
				PRODUCT_BUNDLE_IDENTIFIER = Cameron.TripPlannerTests;
				PRODUCT_NAME = "$(TARGET_NAME)";
				SWIFT_VERSION = 4.0;
				TARGETED_DEVICE_FAMILY = "1,2";
				TEST_HOST = "$(BUILT_PRODUCTS_DIR)/TripPlanner.app/TripPlanner";
			};
			name = Release;
		};
		7BAA541420884E9E005DDEC0 /* Debug */ = {
			isa = XCBuildConfiguration;
			buildSettings = {
				ALWAYS_EMBED_SWIFT_STANDARD_LIBRARIES = YES;
				CODE_SIGN_STYLE = Automatic;
				DEVELOPMENT_TEAM = 24SM6522LU;
				INFOPLIST_FILE = TripPlannerUITests/Info.plist;
				LD_RUNPATH_SEARCH_PATHS = (
					"$(inherited)",
					"@executable_path/Frameworks",
					"@loader_path/Frameworks",
				);
				PRODUCT_BUNDLE_IDENTIFIER = Cameron.TripPlannerUITests;
				PRODUCT_NAME = "$(TARGET_NAME)";
				SWIFT_VERSION = 4.0;
				TARGETED_DEVICE_FAMILY = "1,2";
				TEST_TARGET_NAME = TripPlanner;
			};
			name = Debug;
		};
		7BAA541520884E9E005DDEC0 /* Release */ = {
			isa = XCBuildConfiguration;
			buildSettings = {
				ALWAYS_EMBED_SWIFT_STANDARD_LIBRARIES = YES;
				CODE_SIGN_STYLE = Automatic;
				DEVELOPMENT_TEAM = 24SM6522LU;
				INFOPLIST_FILE = TripPlannerUITests/Info.plist;
				LD_RUNPATH_SEARCH_PATHS = (
					"$(inherited)",
					"@executable_path/Frameworks",
					"@loader_path/Frameworks",
				);
				PRODUCT_BUNDLE_IDENTIFIER = Cameron.TripPlannerUITests;
				PRODUCT_NAME = "$(TARGET_NAME)";
				SWIFT_VERSION = 4.0;
				TARGETED_DEVICE_FAMILY = "1,2";
				TEST_TARGET_NAME = TripPlanner;
			};
			name = Release;
		};
/* End XCBuildConfiguration section */

/* Begin XCConfigurationList section */
		7BAA53E020884E9E005DDEC0 /* Build configuration list for PBXProject "TripPlanner" */ = {
			isa = XCConfigurationList;
			buildConfigurations = (
				7BAA540B20884E9E005DDEC0 /* Debug */,
				7BAA540C20884E9E005DDEC0 /* Release */,
			);
			defaultConfigurationIsVisible = 0;
			defaultConfigurationName = Release;
		};
		7BAA540D20884E9E005DDEC0 /* Build configuration list for PBXNativeTarget "TripPlanner" */ = {
			isa = XCConfigurationList;
			buildConfigurations = (
				7BAA540E20884E9E005DDEC0 /* Debug */,
				7BAA540F20884E9E005DDEC0 /* Release */,
			);
			defaultConfigurationIsVisible = 0;
			defaultConfigurationName = Release;
		};
		7BAA541020884E9E005DDEC0 /* Build configuration list for PBXNativeTarget "TripPlannerTests" */ = {
			isa = XCConfigurationList;
			buildConfigurations = (
				7BAA541120884E9E005DDEC0 /* Debug */,
				7BAA541220884E9E005DDEC0 /* Release */,
			);
			defaultConfigurationIsVisible = 0;
			defaultConfigurationName = Release;
		};
		7BAA541320884E9E005DDEC0 /* Build configuration list for PBXNativeTarget "TripPlannerUITests" */ = {
			isa = XCConfigurationList;
			buildConfigurations = (
				7BAA541420884E9E005DDEC0 /* Debug */,
				7BAA541520884E9E005DDEC0 /* Release */,
			);
			defaultConfigurationIsVisible = 0;
			defaultConfigurationName = Release;
		};
/* End XCConfigurationList section */
	};
	rootObject = 7BAA53DD20884E9E005DDEC0 /* Project object */;
}
